
Microsoft Visual Studio Solution File, Format Version 12.00
# Visual Studio Version 17
VisualStudioVersion = 17.3.32819.101
MinimumVisualStudioVersion = 10.0.40219.1
Project("{2150E333-8FDC-42A3-9474-1A3956D46DE8}") = "ApiGateways", "ApiGateways", "{10B8DE66-48CA-4253-9FC9-45DBB118507B}"
EndProject
Project("{2150E333-8FDC-42A3-9474-1A3956D46DE8}") = "Services", "Services", "{7E57A2D9-6C4B-47A4-B666-EB3CC7AEED40}"
EndProject
Project("{2150E333-8FDC-42A3-9474-1A3956D46DE8}") = "Clients", "Clients", "{D36E4E1F-136C-4E71-A6DF-0601B2D55D3A}"
EndProject
Project("{2150E333-8FDC-42A3-9474-1A3956D46DE8}") = "Integration", "Integration", "{EED61563-6517-4218-9768-2AF9C25586C7}"
EndProject
Project("{2150E333-8FDC-42A3-9474-1A3956D46DE8}") = "Identity", "Identity", "{5FA6DD3E-56AC-47EA-ACF7-1ABC8E4768CF}"
EndProject
Project("{9A19103F-16F7-4668-BE54-9A1E7A4F7556}") = "FoodShop.Services.Identity.Api", "Services\Identity\FoodShop.Services.Identity.Api\FoodShop.Services.Identity.Api.csproj", "{11B98256-6635-48A4-BC7F-722A90CA8253}"
EndProject
Project("{2150E333-8FDC-42A3-9474-1A3956D46DE8}") = "Web", "Web", "{9E453535-1C75-4F33-9B59-487CD226ED0A}"
EndProject
Project("{2150E333-8FDC-42A3-9474-1A3956D46DE8}") = "UserManagement", "UserManagement", "{ED9E05F7-1764-41CF-B1B8-B21A3D758E91}"
EndProject
Project("{2150E333-8FDC-42A3-9474-1A3956D46DE8}") = "ProductMangement", "ProductMangement", "{9CE4419E-0173-4CD8-A3C1-B6798F3F4137}"
EndProject
Project("{2150E333-8FDC-42A3-9474-1A3956D46DE8}") = "CouponManagement", "CouponManagement", "{8ECFE583-0A7C-4B45-8402-7B90550EC781}"
EndProject
Project("{2150E333-8FDC-42A3-9474-1A3956D46DE8}") = "InventoryManagement", "InventoryManagement", "{D58F5E1B-86F2-4193-AA75-877D7624E165}"
EndProject
Project("{2150E333-8FDC-42A3-9474-1A3956D46DE8}") = "Consumer", "Consumer", "{C5354A65-CF14-4F09-BB4E-864EEAFC34BD}"
EndProject
Project("{FAE04EC0-301F-11D3-BF4B-00C04F79EFBC}") = "FoodShop.Web.User", "Clients\Web\UserManagement\FoodShop.Web\FoodShop.Web.User.csproj", "{C24B1450-6FBA-445B-ADA3-75E9C4E4007E}"
EndProject
Global
	GlobalSection(SolutionConfigurationPlatforms) = preSolution
		Debug|Any CPU = Debug|Any CPU
		Release|Any CPU = Release|Any CPU
	EndGlobalSection
	GlobalSection(ProjectConfigurationPlatforms) = postSolution
		{11B98256-6635-48A4-BC7F-722A90CA8253}.Debug|Any CPU.ActiveCfg = Debug|Any CPU
		{11B98256-6635-48A4-BC7F-722A90CA8253}.Debug|Any CPU.Build.0 = Debug|Any CPU
		{11B98256-6635-48A4-BC7F-722A90CA8253}.Release|Any CPU.ActiveCfg = Release|Any CPU
		{11B98256-6635-48A4-BC7F-722A90CA8253}.Release|Any CPU.Build.0 = Release|Any CPU
		{C24B1450-6FBA-445B-ADA3-75E9C4E4007E}.Debug|Any CPU.ActiveCfg = Debug|Any CPU
		{C24B1450-6FBA-445B-ADA3-75E9C4E4007E}.Debug|Any CPU.Build.0 = Debug|Any CPU
		{C24B1450-6FBA-445B-ADA3-75E9C4E4007E}.Release|Any CPU.ActiveCfg = Release|Any CPU
		{C24B1450-6FBA-445B-ADA3-75E9C4E4007E}.Release|Any CPU.Build.0 = Release|Any CPU
	EndGlobalSection
	GlobalSection(SolutionProperties) = preSolution
		HideSolutionNode = FALSE
	EndGlobalSection
	GlobalSection(NestedProjects) = preSolution
		{5FA6DD3E-56AC-47EA-ACF7-1ABC8E4768CF} = {7E57A2D9-6C4B-47A4-B666-EB3CC7AEED40}
		{11B98256-6635-48A4-BC7F-722A90CA8253} = {5FA6DD3E-56AC-47EA-ACF7-1ABC8E4768CF}
		{9E453535-1C75-4F33-9B59-487CD226ED0A} = {D36E4E1F-136C-4E71-A6DF-0601B2D55D3A}
		{ED9E05F7-1764-41CF-B1B8-B21A3D758E91} = {9E453535-1C75-4F33-9B59-487CD226ED0A}
		{9CE4419E-0173-4CD8-A3C1-B6798F3F4137} = {9E453535-1C75-4F33-9B59-487CD226ED0A}
		{8ECFE583-0A7C-4B45-8402-7B90550EC781} = {9E453535-1C75-4F33-9B59-487CD226ED0A}
		{D58F5E1B-86F2-4193-AA75-877D7624E165} = {9E453535-1C75-4F33-9B59-487CD226ED0A}
		{C5354A65-CF14-4F09-BB4E-864EEAFC34BD} = {9E453535-1C75-4F33-9B59-487CD226ED0A}
		{C24B1450-6FBA-445B-ADA3-75E9C4E4007E} = {ED9E05F7-1764-41CF-B1B8-B21A3D758E91}
	EndGlobalSection
	GlobalSection(ExtensibilityGlobals) = postSolution
		SolutionGuid = {095112AD-1B5A-45E0-8151-8281E427E953}
	EndGlobalSection
EndGlobal
