
Microsoft Visual Studio Solution File, Format Version 12.00
# Visual Studio Version 17
VisualStudioVersion = 17.3.32819.101
MinimumVisualStudioVersion = 10.0.40219.1
Project("{2150E333-8FDC-42A3-9474-1A3956D46DE8}") = "ApiGateways", "ApiGateways", "{10B8DE66-48CA-4253-9FC9-45DBB118507B}"
EndProject
Project("{2150E333-8FDC-42A3-9474-1A3956D46DE8}") = "Services", "Services", "{7E57A2D9-6C4B-47A4-B666-EB3CC7AEED40}"
EndProject
Project("{2150E333-8FDC-42A3-9474-1A3956D46DE8}") = "Clients", "Clients", "{D36E4E1F-136C-4E71-A6DF-0601B2D55D3A}"
EndProject
Project("{2150E333-8FDC-42A3-9474-1A3956D46DE8}") = "Integration", "Integration", "{EED61563-6517-4218-9768-2AF9C25586C7}"
EndProject
Project("{2150E333-8FDC-42A3-9474-1A3956D46DE8}") = "Identity", "Identity", "{5FA6DD3E-56AC-47EA-ACF7-1ABC8E4768CF}"
EndProject
Project("{9A19103F-16F7-4668-BE54-9A1E7A4F7556}") = "FoodShop.Services.Identity.Api", "Services\Identity\FoodShop.Services.Identity.Api\FoodShop.Services.Identity.Api.csproj", "{11B98256-6635-48A4-BC7F-722A90CA8253}"
EndProject
Project("{2150E333-8FDC-42A3-9474-1A3956D46DE8}") = "Web", "Web", "{9E453535-1C75-4F33-9B59-487CD226ED0A}"
EndProject
Project("{2150E333-8FDC-42A3-9474-1A3956D46DE8}") = "UserManagement", "UserManagement", "{ED9E05F7-1764-41CF-B1B8-B21A3D758E91}"
EndProject
Project("{2150E333-8FDC-42A3-9474-1A3956D46DE8}") = "ProductMangement", "ProductMangement", "{9CE4419E-0173-4CD8-A3C1-B6798F3F4137}"
EndProject
Project("{2150E333-8FDC-42A3-9474-1A3956D46DE8}") = "CouponManagement", "CouponManagement", "{8ECFE583-0A7C-4B45-8402-7B90550EC781}"
EndProject
Project("{2150E333-8FDC-42A3-9474-1A3956D46DE8}") = "InventoryManagement", "InventoryManagement", "{D58F5E1B-86F2-4193-AA75-877D7624E165}"
EndProject
Project("{2150E333-8FDC-42A3-9474-1A3956D46DE8}") = "Consumer", "Consumer", "{C5354A65-CF14-4F09-BB4E-864EEAFC34BD}"
EndProject
Project("{2150E333-8FDC-42A3-9474-1A3956D46DE8}") = "User", "User", "{3D902810-1162-4EC2-9504-27EDEE92FE45}"
EndProject
Project("{9A19103F-16F7-4668-BE54-9A1E7A4F7556}") = "FoodShop.Services.User.Api", "Services\User\FoodShop.Services.User.Api\FoodShop.Services.User.Api.csproj", "{7A3DD34C-73F1-439E-AD51-8754703C1B5B}"
EndProject
Project("{2150E333-8FDC-42A3-9474-1A3956D46DE8}") = "Product", "Product", "{D15F0E7A-5CDD-4AB6-A774-260AA68DDBE6}"
EndProject
Project("{9A19103F-16F7-4668-BE54-9A1E7A4F7556}") = "FoodShop.Services.Product.Api", "Services\Product\FoodShop.Services.Product.Api\FoodShop.Services.Product.Api.csproj", "{04A26D06-4945-43E2-9CBE-83607E98C567}"
EndProject
Project("{9A19103F-16F7-4668-BE54-9A1E7A4F7556}") = "FoodShop.Web.Product", "Clients\Web\ProductManagement\FoodShop.Web.Product\FoodShop.Web.Product.csproj", "{AADA0E6D-4718-47B3-A5FB-3CBADF85D695}"
EndProject
Project("{9A19103F-16F7-4668-BE54-9A1E7A4F7556}") = "FoodShop.Web.User", "Clients\Web\UserManagement\FoodShop.Web.User\FoodShop.Web.User.csproj", "{9EEBDAD3-403D-4418-8540-848F2628EDFB}"
EndProject
Project("{2150E333-8FDC-42A3-9474-1A3956D46DE8}") = "Email", "Email", "{676D508B-8EBA-48F7-8BBF-411B499AA7CB}"
EndProject
Project("{9A19103F-16F7-4668-BE54-9A1E7A4F7556}") = "FoodShop.Services.Email.Api", "Services\Email\FoodShop.Services.Identity.Email.Api\FoodShop.Services.Email.Api.csproj", "{B39C05C0-393E-4AAE-B21F-9424B530FC95}"
EndProject
Project("{2150E333-8FDC-42A3-9474-1A3956D46DE8}") = "ServiceBus", "ServiceBus", "{F003E87C-5E0E-41F9-95B5-BD03DFDD5862}"
EndProject
Project("{FAE04EC0-301F-11D3-BF4B-00C04F79EFBC}") = "FoodShop.Integration.ServiceBus", "Integration\ServiceBus\FoodShop.Integration.ServiceBus.Messaging\FoodShop.Integration.ServiceBus.csproj", "{99123BED-31FF-42A3-9401-6A75FDD64DA7}"
EndProject
Global
	GlobalSection(SolutionConfigurationPlatforms) = preSolution
		Debug|Any CPU = Debug|Any CPU
		Release|Any CPU = Release|Any CPU
	EndGlobalSection
	GlobalSection(ProjectConfigurationPlatforms) = postSolution
		{11B98256-6635-48A4-BC7F-722A90CA8253}.Debug|Any CPU.ActiveCfg = Debug|Any CPU
		{11B98256-6635-48A4-BC7F-722A90CA8253}.Debug|Any CPU.Build.0 = Debug|Any CPU
		{11B98256-6635-48A4-BC7F-722A90CA8253}.Release|Any CPU.ActiveCfg = Release|Any CPU
		{11B98256-6635-48A4-BC7F-722A90CA8253}.Release|Any CPU.Build.0 = Release|Any CPU
		{7A3DD34C-73F1-439E-AD51-8754703C1B5B}.Debug|Any CPU.ActiveCfg = Debug|Any CPU
		{7A3DD34C-73F1-439E-AD51-8754703C1B5B}.Debug|Any CPU.Build.0 = Debug|Any CPU
		{7A3DD34C-73F1-439E-AD51-8754703C1B5B}.Release|Any CPU.ActiveCfg = Release|Any CPU
		{7A3DD34C-73F1-439E-AD51-8754703C1B5B}.Release|Any CPU.Build.0 = Release|Any CPU
		{04A26D06-4945-43E2-9CBE-83607E98C567}.Debug|Any CPU.ActiveCfg = Debug|Any CPU
		{04A26D06-4945-43E2-9CBE-83607E98C567}.Debug|Any CPU.Build.0 = Debug|Any CPU
		{04A26D06-4945-43E2-9CBE-83607E98C567}.Release|Any CPU.ActiveCfg = Release|Any CPU
		{04A26D06-4945-43E2-9CBE-83607E98C567}.Release|Any CPU.Build.0 = Release|Any CPU
		{AADA0E6D-4718-47B3-A5FB-3CBADF85D695}.Debug|Any CPU.ActiveCfg = Debug|Any CPU
		{AADA0E6D-4718-47B3-A5FB-3CBADF85D695}.Debug|Any CPU.Build.0 = Debug|Any CPU
		{AADA0E6D-4718-47B3-A5FB-3CBADF85D695}.Release|Any CPU.ActiveCfg = Release|Any CPU
		{AADA0E6D-4718-47B3-A5FB-3CBADF85D695}.Release|Any CPU.Build.0 = Release|Any CPU
		{9EEBDAD3-403D-4418-8540-848F2628EDFB}.Debug|Any CPU.ActiveCfg = Debug|Any CPU
		{9EEBDAD3-403D-4418-8540-848F2628EDFB}.Debug|Any CPU.Build.0 = Debug|Any CPU
		{9EEBDAD3-403D-4418-8540-848F2628EDFB}.Release|Any CPU.ActiveCfg = Release|Any CPU
		{9EEBDAD3-403D-4418-8540-848F2628EDFB}.Release|Any CPU.Build.0 = Release|Any CPU
		{B39C05C0-393E-4AAE-B21F-9424B530FC95}.Debug|Any CPU.ActiveCfg = Debug|Any CPU
		{B39C05C0-393E-4AAE-B21F-9424B530FC95}.Debug|Any CPU.Build.0 = Debug|Any CPU
		{B39C05C0-393E-4AAE-B21F-9424B530FC95}.Release|Any CPU.ActiveCfg = Release|Any CPU
		{B39C05C0-393E-4AAE-B21F-9424B530FC95}.Release|Any CPU.Build.0 = Release|Any CPU
		{99123BED-31FF-42A3-9401-6A75FDD64DA7}.Debug|Any CPU.ActiveCfg = Debug|Any CPU
		{99123BED-31FF-42A3-9401-6A75FDD64DA7}.Debug|Any CPU.Build.0 = Debug|Any CPU
		{99123BED-31FF-42A3-9401-6A75FDD64DA7}.Release|Any CPU.ActiveCfg = Release|Any CPU
		{99123BED-31FF-42A3-9401-6A75FDD64DA7}.Release|Any CPU.Build.0 = Release|Any CPU
	EndGlobalSection
	GlobalSection(SolutionProperties) = preSolution
		HideSolutionNode = FALSE
	EndGlobalSection
	GlobalSection(NestedProjects) = preSolution
		{5FA6DD3E-56AC-47EA-ACF7-1ABC8E4768CF} = {7E57A2D9-6C4B-47A4-B666-EB3CC7AEED40}
		{11B98256-6635-48A4-BC7F-722A90CA8253} = {5FA6DD3E-56AC-47EA-ACF7-1ABC8E4768CF}
		{9E453535-1C75-4F33-9B59-487CD226ED0A} = {D36E4E1F-136C-4E71-A6DF-0601B2D55D3A}
		{ED9E05F7-1764-41CF-B1B8-B21A3D758E91} = {9E453535-1C75-4F33-9B59-487CD226ED0A}
		{9CE4419E-0173-4CD8-A3C1-B6798F3F4137} = {9E453535-1C75-4F33-9B59-487CD226ED0A}
		{8ECFE583-0A7C-4B45-8402-7B90550EC781} = {9E453535-1C75-4F33-9B59-487CD226ED0A}
		{D58F5E1B-86F2-4193-AA75-877D7624E165} = {9E453535-1C75-4F33-9B59-487CD226ED0A}
		{C5354A65-CF14-4F09-BB4E-864EEAFC34BD} = {9E453535-1C75-4F33-9B59-487CD226ED0A}
		{3D902810-1162-4EC2-9504-27EDEE92FE45} = {7E57A2D9-6C4B-47A4-B666-EB3CC7AEED40}
		{7A3DD34C-73F1-439E-AD51-8754703C1B5B} = {3D902810-1162-4EC2-9504-27EDEE92FE45}
		{D15F0E7A-5CDD-4AB6-A774-260AA68DDBE6} = {7E57A2D9-6C4B-47A4-B666-EB3CC7AEED40}
		{04A26D06-4945-43E2-9CBE-83607E98C567} = {D15F0E7A-5CDD-4AB6-A774-260AA68DDBE6}
		{AADA0E6D-4718-47B3-A5FB-3CBADF85D695} = {9CE4419E-0173-4CD8-A3C1-B6798F3F4137}
		{9EEBDAD3-403D-4418-8540-848F2628EDFB} = {ED9E05F7-1764-41CF-B1B8-B21A3D758E91}
		{676D508B-8EBA-48F7-8BBF-411B499AA7CB} = {7E57A2D9-6C4B-47A4-B666-EB3CC7AEED40}
		{B39C05C0-393E-4AAE-B21F-9424B530FC95} = {676D508B-8EBA-48F7-8BBF-411B499AA7CB}
		{F003E87C-5E0E-41F9-95B5-BD03DFDD5862} = {EED61563-6517-4218-9768-2AF9C25586C7}
		{99123BED-31FF-42A3-9401-6A75FDD64DA7} = {F003E87C-5E0E-41F9-95B5-BD03DFDD5862}
	EndGlobalSection
	GlobalSection(ExtensibilityGlobals) = postSolution
		SolutionGuid = {095112AD-1B5A-45E0-8151-8281E427E953}
	EndGlobalSection
EndGlobal
